// !$*UTF8*$!
{
	archiveVersion = 1;
	classes = {
	};
	objectVersion = 56;
	objects = {

/* Begin PBXBuildFile section */
		A1000001 /* main.swift in Sources */ = {isa = PBXBuildFile; fileRef = B1000001 /* main.swift */; };
		A1000002 /* Assets.xcassets in Resources */ = {isa = PBXBuildFile; fileRef = B1000002 /* Assets.xcassets */; };
		A1000003 /* Metal.framework in Frameworks */ = {isa = PBXBuildFile; fileRef = B1000010 /* Metal.framework */; };
		A1000004 /* MetalKit.framework in Frameworks */ = {isa = PBXBuildFile; fileRef = B1000011 /* MetalKit.framework */; };
		A1000005 /* Carbon.framework in Frameworks */ = {isa = PBXBuildFile; fileRef = B1000012 /* Carbon.framework */; };
		A1000006 /* AppDelegate.swift in Sources */ = {isa = PBXBuildFile; fileRef = B1000005 /* AppDelegate.swift */; };
		A1000007 /* BoostController.swift in Sources */ = {isa = PBXBuildFile; fileRef = B1000006 /* BoostController.swift */; };
		A1000008 /* GammaController.swift in Sources */ = {isa = PBXBuildFile; fileRef = B1000007 /* GammaController.swift */; };
		A1000009 /* HDRPixelTrigger.swift in Sources */ = {isa = PBXBuildFile; fileRef = B1000008 /* HDRPixelTrigger.swift */; };
		A1000010 /* HotkeyManager.swift in Sources */ = {isa = PBXBuildFile; fileRef = B1000009 /* HotkeyManager.swift */; };
		A1000011 /* LUTWatchdog.swift in Sources */ = {isa = PBXBuildFile; fileRef = B1000013 /* LUTWatchdog.swift */; };
		A1000012 /* MenuBarController.swift in Sources */ = {isa = PBXBuildFile; fileRef = B1000014 /* MenuBarController.swift */; };
		A1000021 /* GammaControllerTests.swift in Sources */ = {isa = PBXBuildFile; fileRef = B1000021 /* GammaControllerTests.swift */; };
		A1000022 /* BoostControllerTests.swift in Sources */ = {isa = PBXBuildFile; fileRef = B1000022 /* BoostControllerTests.swift */; };
		A1000023 /* HotkeyManagerTests.swift in Sources */ = {isa = PBXBuildFile; fileRef = B1000023 /* HotkeyManagerTests.swift */; };
		A1000024 /* LUTWatchdogTests.swift in Sources */ = {isa = PBXBuildFile; fileRef = B1000024 /* LUTWatchdogTests.swift */; };
/* End PBXBuildFile section */

/* Begin PBXFileReference section */
		B1000001 /* main.swift */ = {isa = PBXFileReference; lastKnownFileType = sourcecode.swift; path = main.swift; sourceTree = "<group>"; };
		B1000002 /* Assets.xcassets */ = {isa = PBXFileReference; lastKnownFileType = folder.assetcatalog; path = Assets.xcassets; sourceTree = "<group>"; };
		B1000003 /* Info.plist */ = {isa = PBXFileReference; lastKnownFileType = text.plist.xml; path = Info.plist; sourceTree = "<group>"; };
		B1000004 /* XDRPeak.entitlements */ = {isa = PBXFileReference; lastKnownFileType = text.plist.entitlements; path = XDRPeak.entitlements; sourceTree = "<group>"; };
		B1000005 /* AppDelegate.swift */ = {isa = PBXFileReference; lastKnownFileType = sourcecode.swift; path = AppDelegate.swift; sourceTree = "<group>"; };
		B1000006 /* BoostController.swift */ = {isa = PBXFileReference; lastKnownFileType = sourcecode.swift; path = BoostController.swift; sourceTree = "<group>"; };
		B1000007 /* GammaController.swift */ = {isa = PBXFileReference; lastKnownFileType = sourcecode.swift; path = GammaController.swift; sourceTree = "<group>"; };
		B1000008 /* HDRPixelTrigger.swift */ = {isa = PBXFileReference; lastKnownFileType = sourcecode.swift; path = HDRPixelTrigger.swift; sourceTree = "<group>"; };
		B1000009 /* HotkeyManager.swift */ = {isa = PBXFileReference; lastKnownFileType = sourcecode.swift; path = HotkeyManager.swift; sourceTree = "<group>"; };
		B1000010 /* Metal.framework */ = {isa = PBXFileReference; lastKnownFileType = wrapper.framework; name = Metal.framework; path = System/Library/Frameworks/Metal.framework; sourceTree = SDKROOT; };
		B1000011 /* MetalKit.framework */ = {isa = PBXFileReference; lastKnownFileType = wrapper.framework; name = MetalKit.framework; path = System/Library/Frameworks/MetalKit.framework; sourceTree = SDKROOT; };
		B1000012 /* Carbon.framework */ = {isa = PBXFileReference; lastKnownFileType = wrapper.framework; name = Carbon.framework; path = System/Library/Frameworks/Carbon.framework; sourceTree = SDKROOT; };
		B1000013 /* LUTWatchdog.swift */ = {isa = PBXFileReference; lastKnownFileType = sourcecode.swift; path = LUTWatchdog.swift; sourceTree = "<group>"; };
		B1000014 /* MenuBarController.swift */ = {isa = PBXFileReference; lastKnownFileType = sourcecode.swift; path = MenuBarController.swift; sourceTree = "<group>"; };
		B1000021 /* GammaControllerTests.swift */ = {isa = PBXFileReference; lastKnownFileType = sourcecode.swift; path = GammaControllerTests.swift; sourceTree = "<group>"; };
		B1000022 /* BoostControllerTests.swift */ = {isa = PBXFileReference; lastKnownFileType = sourcecode.swift; path = BoostControllerTests.swift; sourceTree = "<group>"; };
		B1000023 /* HotkeyManagerTests.swift */ = {isa = PBXFileReference; lastKnownFileType = sourcecode.swift; path = HotkeyManagerTests.swift; sourceTree = "<group>"; };
		B1000024 /* LUTWatchdogTests.swift */ = {isa = PBXFileReference; lastKnownFileType = sourcecode.swift; path = LUTWatchdogTests.swift; sourceTree = "<group>"; };
		C1000001 /* XDRPeak.app */ = {isa = PBXFileReference; explicitFileType = wrapper.application; includeInIndex = 0; path = XDRPeak.app; sourceTree = BUILT_PRODUCTS_DIR; };
		C1000002 /* XDRPeakTests.xctest */ = {isa = PBXFileReference; explicitFileType = wrapper.cfbundle; includeInIndex = 0; path = XDRPeakTests.xctest; sourceTree = BUILT_PRODUCTS_DIR; };
/* End PBXFileReference section */

/* Begin PBXFrameworksBuildPhase section */
		D1000001 /* Frameworks */ = {
			isa = PBXFrameworksBuildPhase;
			buildActionMask = 2147483647;
			files = (
				A1000003 /* Metal.framework in Frameworks */,
				A1000004 /* MetalKit.framework in Frameworks */,
				A1000005 /* Carbon.framework in Frameworks */,
			);
			runOnlyForDeploymentPostprocessing = 0;
		};
		D1000011 /* Frameworks */ = {
			isa = PBXFrameworksBuildPhase;
			buildActionMask = 2147483647;
			files = (
			);
			runOnlyForDeploymentPostprocessing = 0;
		};
/* End PBXFrameworksBuildPhase section */

/* Begin PBXGroup section */
		E1000001 /* Root */ = {
			isa = PBXGroup;
			children = (
				E1000002 /* XDRPeak */,
				E1000005 /* XDRPeakTests */,
				E1000003 /* Frameworks */,
				E1000004 /* Products */,
			);
			sourceTree = "<group>";
		};
		E1000002 /* XDRPeak */ = {
			isa = PBXGroup;
			children = (
				B1000001 /* main.swift */,
				B1000005 /* AppDelegate.swift */,
				B1000006 /* BoostController.swift */,
				B1000008 /* HDRPixelTrigger.swift */,
				B1000007 /* GammaController.swift */,
				B1000013 /* LUTWatchdog.swift */,
				B1000014 /* MenuBarController.swift */,
				B1000009 /* HotkeyManager.swift */,
				B1000002 /* Assets.xcassets */,
				B1000003 /* Info.plist */,
				B1000004 /* XDRPeak.entitlements */,
			);
			path = XDRPeak;
			sourceTree = "<group>";
		};
		E1000003 /* Frameworks */ = {
			isa = PBXGroup;
			children = (
				B1000010 /* Metal.framework */,
				B1000011 /* MetalKit.framework */,
				B1000012 /* Carbon.framework */,
			);
			name = Frameworks;
			sourceTree = "<group>";
		};
		E1000004 /* Products */ = {
			isa = PBXGroup;
			children = (
				C1000001 /* XDRPeak.app */,
				C1000002 /* XDRPeakTests.xctest */,
			);
			name = Products;
			sourceTree = "<group>";
		};
		E1000005 /* XDRPeakTests */ = {
			isa = PBXGroup;
			children = (
				B1000022 /* BoostControllerTests.swift */,
				B1000021 /* GammaControllerTests.swift */,
				B1000023 /* HotkeyManagerTests.swift */,
				B1000024 /* LUTWatchdogTests.swift */,
			);
			path = XDRPeakTests;
			sourceTree = "<group>";
		};
/* End PBXGroup section */

/* Begin PBXNativeTarget section */
		F1000001 /* XDRPeak */ = {
			isa = PBXNativeTarget;
			buildConfigurationList = G1000003 /* Build configuration list for PBXNativeTarget "XDRPeak" */;
			buildPhases = (
				D1000002 /* Sources */,
				D1000001 /* Frameworks */,
				D1000003 /* Resources */,
			);
			buildRules = (
			);
			dependencies = (
			);
			name = XDRPeak;
			productName = XDRPeak;
			productReference = C1000001 /* XDRPeak.app */;
			productType = "com.apple.product-type.application";
		};
		F1000003 /* XDRPeakTests */ = {
			isa = PBXNativeTarget;
			buildConfigurationList = G1000004 /* Build configuration list for PBXNativeTarget "XDRPeakTests" */;
			buildPhases = (
				D1000010 /* Sources */,
				D1000011 /* Frameworks */,
				D1000012 /* Resources */,
			);
			buildRules = (
			);
			dependencies = (
				F1000004 /* PBXTargetDependency */,
			);
			name = XDRPeakTests;
			productName = XDRPeakTests;
			productReference = C1000002 /* XDRPeakTests.xctest */;
			productType = "com.apple.product-type.bundle.unit-test";
		};
/* End PBXNativeTarget section */

/* Begin PBXProject section */
		F1000002 /* Project object */ = {
			isa = PBXProject;
			attributes = {
				BuildIndependentTargetsInParallel = 1;
				LastSwiftUpdateCheck = 1500;
				LastUpgradeCheck = 1500;
				TargetAttributes = {
					F1000001 = {
						CreatedOnToolsVersion = 15.0;
					};
					F1000003 = {
						CreatedOnToolsVersion = 15.0;
						TestTargetID = F1000001;
					};
				};
			};
			buildConfigurationList = G1000001 /* Build configuration list for PBXProject "XDRPeak" */;
			compatibilityVersion = "Xcode 14.0";
			developmentRegion = en;
			hasScannedForEncodings = 0;
			knownRegions = (
				en,
				Base,
			);
			mainGroup = E1000001 /* Root */;
			productRefGroup = E1000004 /* Products */;
			projectDirPath = "";
			projectRoot = "";
			targets = (
				F1000001 /* XDRPeak */,
				F1000003 /* XDRPeakTests */,
			);
		};
/* End PBXProject section */

/* Begin PBXResourcesBuildPhase section */
		D1000003 /* Resources */ = {
			isa = PBXResourcesBuildPhase;
			buildActionMask = 2147483647;
			files = (
				A1000002 /* Assets.xcassets in Resources */,
			);
			runOnlyForDeploymentPostprocessing = 0;
		};
		D1000012 /* Resources */ = {
			isa = PBXResourcesBuildPhase;
			buildActionMask = 2147483647;
			files = (
			);
			runOnlyForDeploymentPostprocessing = 0;
		};
/* End PBXResourcesBuildPhase section */

/* Begin PBXSourcesBuildPhase section */
		D1000002 /* Sources */ = {
			isa = PBXSourcesBuildPhase;
			buildActionMask = 2147483647;
			files = (
				A1000001 /* main.swift in Sources */,
				A1000006 /* AppDelegate.swift in Sources */,
				A1000007 /* BoostController.swift in Sources */,
				A1000009 /* HDRPixelTrigger.swift in Sources */,
				A1000008 /* GammaController.swift in Sources */,
				A1000011 /* LUTWatchdog.swift in Sources */,
				A1000012 /* MenuBarController.swift in Sources */,
				A1000010 /* HotkeyManager.swift in Sources */,
			);
			runOnlyForDeploymentPostprocessing = 0;
		};
		D1000010 /* Sources */ = {
			isa = PBXSourcesBuildPhase;
			buildActionMask = 2147483647;
			files = (
				A1000022 /* BoostControllerTests.swift in Sources */,
				A1000021 /* GammaControllerTests.swift in Sources */,
				A1000023 /* HotkeyManagerTests.swift in Sources */,
				A1000024 /* LUTWatchdogTests.swift in Sources */,
			);
			runOnlyForDeploymentPostprocessing = 0;
		};
/* End PBXSourcesBuildPhase section */

/* Begin PBXContainerItemProxy section */
		F1000005 /* PBXContainerItemProxy */ = {
			isa = PBXContainerItemProxy;
			containerPortal = F1000002 /* Project object */;
			proxyType = 1;
			remoteGlobalIDString = F1000001;
			remoteInfo = XDRPeak;
		};
/* End PBXContainerItemProxy section */

/* Begin PBXTargetDependency section */
		F1000004 /* PBXTargetDependency */ = {
			isa = PBXTargetDependency;
			target = F1000001 /* XDRPeak */;
			targetProxy = F1000005 /* PBXContainerItemProxy */;
		};
/* End PBXTargetDependency section */

/* Begin XCBuildConfiguration section */
		H1000001 /* Debug */ = {
			isa = XCBuildConfiguration;
			buildSettings = {
				ALWAYS_SEARCH_USER_PATHS = NO;
				CLANG_ANALYZER_NONNULL = YES;
				CLANG_ANALYZER_NUMBER_OBJECT_CONVERSION = YES_AGGRESSIVE;
				CLANG_ENABLE_MODULES = YES;
				CLANG_ENABLE_OBJC_ARC = YES;
				CLANG_ENABLE_OBJC_WEAK = YES;
				CLANG_WARN_BLOCK_CAPTURE_AUTORELEASING = YES;
				CLANG_WARN_BOOL_CONVERSION = YES;
				CLANG_WARN_COMMA = YES;
				CLANG_WARN_CONSTANT_CONVERSION = YES;
				CLANG_WARN_DEPRECATED_OBJC_IMPLEMENTATIONS = YES;
				CLANG_WARN_DIRECT_OBJC_ISA_USAGE = YES_ERROR;
				CLANG_WARN_DOCUMENTATION_COMMENTS = YES;
				CLANG_WARN_EMPTY_BODY = YES;
				CLANG_WARN_ENUM_CONVERSION = YES;
				CLANG_WARN_INFINITE_RECURSION = YES;
				CLANG_WARN_INT_CONVERSION = YES;
				CLANG_WARN_NON_LITERAL_NULL_CONVERSION = YES;
				CLANG_WARN_OBJC_IMPLICIT_RETAIN_SELF = YES;
				CLANG_WARN_OBJC_LITERAL_CONVERSION = YES;
				CLANG_WARN_OBJC_ROOT_CLASS = YES_ERROR;
				CLANG_WARN_QUOTED_INCLUDE_IN_FRAMEWORK_HEADER = YES;
				CLANG_WARN_RANGE_LOOP_ANALYSIS = YES;
				CLANG_WARN_STRICT_PROTOTYPES = YES;
				CLANG_WARN_SUSPICIOUS_MOVE = YES;
				CLANG_WARN_UNGUARDED_AVAILABILITY = YES_AGGRESSIVE;
				CLANG_WARN_UNREACHABLE_CODE = YES;
				CLANG_WARN__DUPLICATE_METHOD_MATCH = YES;
				COPY_PHASE_STRIP = NO;
				DEBUG_INFORMATION_FORMAT = dwarf;
				ENABLE_STRICT_OBJC_MSGSEND = YES;
				ENABLE_TESTABILITY = YES;
				GCC_C_LANGUAGE_STANDARD = gnu11;
				GCC_DYNAMIC_NO_PIC = NO;
				GCC_NO_COMMON_BLOCKS = YES;
				GCC_OPTIMIZATION_LEVEL = 0;
				GCC_PREPROCESSOR_DEFINITIONS = (
					"DEBUG=1",
					"$(inherited)",
				);
				GCC_WARN_64_TO_32_BIT_CONVERSION = YES;
				GCC_WARN_ABOUT_RETURN_TYPE = YES_ERROR;
				GCC_WARN_UNDECLARED_SELECTOR = YES;
				GCC_WARN_UNINITIALIZED_AUTOS = YES_AGGRESSIVE;
				GCC_WARN_UNUSED_FUNCTION = YES;
				GCC_WARN_UNUSED_VARIABLE = YES;
				MACOSX_DEPLOYMENT_TARGET = 14.0;
				MTL_ENABLE_DEBUG_INFO = INCLUDE_SOURCE;
				MTL_FAST_MATH = YES;
				ONLY_ACTIVE_ARCH = YES;
				SDKROOT = macosx;
				SWIFT_ACTIVE_COMPILATION_CONDITIONS = DEBUG;
				SWIFT_OPTIMIZATION_LEVEL = "-Onone";
			};
			name = Debug;
		};
		H1000002 /* Release */ = {
			isa = XCBuildConfiguration;
			buildSettings = {
				ALWAYS_SEARCH_USER_PATHS = NO;
				CLANG_ANALYZER_NONNULL = YES;
				CLANG_ANALYZER_NUMBER_OBJECT_CONVERSION = YES_AGGRESSIVE;
				CLANG_ENABLE_MODULES = YES;
				CLANG_ENABLE_OBJC_ARC = YES;
				CLANG_ENABLE_OBJC_WEAK = YES;
				CLANG_WARN_BLOCK_CAPTURE_AUTORELEASING = YES;
				CLANG_WARN_BOOL_CONVERSION = YES;
				CLANG_WARN_COMMA = YES;
				CLANG_WARN_CONSTANT_CONVERSION = YES;
				CLANG_WARN_DEPRECATED_OBJC_IMPLEMENTATIONS = YES;
				CLANG_WARN_DIRECT_OBJC_ISA_USAGE = YES_ERROR;
				CLANG_WARN_DOCUMENTATION_COMMENTS = YES;
				CLANG_WARN_EMPTY_BODY = YES;
				CLANG_WARN_ENUM_CONVERSION = YES;
				CLANG_WARN_INFINITE_RECURSION = YES;
				CLANG_WARN_INT_CONVERSION = YES;
				CLANG_WARN_NON_LITERAL_NULL_CONVERSION = YES;
				CLANG_WARN_OBJC_IMPLICIT_RETAIN_SELF = YES;
				CLANG_WARN_OBJC_LITERAL_CONVERSION = YES;
				CLANG_WARN_OBJC_ROOT_CLASS = YES_ERROR;
				CLANG_WARN_QUOTED_INCLUDE_IN_FRAMEWORK_HEADER = YES;
				CLANG_WARN_RANGE_LOOP_ANALYSIS = YES;
				CLANG_WARN_STRICT_PROTOTYPES = YES;
				CLANG_WARN_SUSPICIOUS_MOVE = YES;
				CLANG_WARN_UNGUARDED_AVAILABILITY = YES_AGGRESSIVE;
				CLANG_WARN_UNREACHABLE_CODE = YES;
				CLANG_WARN__DUPLICATE_METHOD_MATCH = YES;
				COPY_PHASE_STRIP = NO;
				DEBUG_INFORMATION_FORMAT = "dwarf-with-dsym";
				ENABLE_NS_ASSERTIONS = NO;
				ENABLE_STRICT_OBJC_MSGSEND = YES;
				GCC_C_LANGUAGE_STANDARD = gnu11;
				GCC_NO_COMMON_BLOCKS = YES;
				GCC_WARN_64_TO_32_BIT_CONVERSION = YES;
				GCC_WARN_ABOUT_RETURN_TYPE = YES_ERROR;
				GCC_WARN_UNDECLARED_SELECTOR = YES;
				GCC_WARN_UNINITIALIZED_AUTOS = YES_AGGRESSIVE;
				GCC_WARN_UNUSED_FUNCTION = YES;
				GCC_WARN_UNUSED_VARIABLE = YES;
				MACOSX_DEPLOYMENT_TARGET = 14.0;
				MTL_ENABLE_DEBUG_INFO = NO;
				MTL_FAST_MATH = YES;
				SDKROOT = macosx;
				SWIFT_COMPILATION_MODE = wholemodule;
				SWIFT_OPTIMIZATION_LEVEL = "-O";
			};
			name = Release;
		};
		H1000003 /* Debug */ = {
			isa = XCBuildConfiguration;
			buildSettings = {
				ASSETCATALOG_COMPILER_APPICON_NAME = AppIcon;
				ASSETCATALOG_COMPILER_GLOBAL_ACCENT_COLOR_NAME = AccentColor;
				CODE_SIGN_ENTITLEMENTS = XDRPeak/XDRPeak.entitlements;
				CODE_SIGN_STYLE = Automatic;
				COMBINE_HIDPI_IMAGES = YES;
				CURRENT_PROJECT_VERSION = 1;
				GENERATE_INFOPLIST_FILE = NO;
				INFOPLIST_FILE = XDRPeak/Info.plist;
				LD_RUNPATH_SEARCH_PATHS = (
					"$(inherited)",
					"@executable_path/../Frameworks",
				);
				MARKETING_VERSION = 1.0.0;
				PRODUCT_BUNDLE_IDENTIFIER = com.fabiodelrio.XDRPeak;
				PRODUCT_MODULE_NAME = XDRPeak;
				PRODUCT_NAME = XDRPeak;
				SWIFT_EMIT_LOC_STRINGS = YES;
				SWIFT_VERSION = 5.0;
			};
			name = Debug;
		};
		H1000004 /* Release */ = {
			isa = XCBuildConfiguration;
			buildSettings = {
				ASSETCATALOG_COMPILER_APPICON_NAME = AppIcon;
				ASSETCATALOG_COMPILER_GLOBAL_ACCENT_COLOR_NAME = AccentColor;
				CODE_SIGN_ENTITLEMENTS = XDRPeak/XDRPeak.entitlements;
				CODE_SIGN_STYLE = Automatic;
				COMBINE_HIDPI_IMAGES = YES;
				CURRENT_PROJECT_VERSION = 1;
				GENERATE_INFOPLIST_FILE = NO;
				INFOPLIST_FILE = XDRPeak/Info.plist;
				LD_RUNPATH_SEARCH_PATHS = (
					"$(inherited)",
					"@executable_path/../Frameworks",
				);
				MARKETING_VERSION = 1.0.0;
				PRODUCT_BUNDLE_IDENTIFIER = com.fabiodelrio.XDRPeak;
				PRODUCT_MODULE_NAME = XDRPeak;
				PRODUCT_NAME = XDRPeak;
				SWIFT_EMIT_LOC_STRINGS = YES;
				SWIFT_VERSION = 5.0;
			};
			name = Release;
		};
		H1000005 /* Debug */ = {
			isa = XCBuildConfiguration;
			buildSettings = {
				BUNDLE_LOADER = "$(TEST_HOST)";
				CODE_SIGN_STYLE = Automatic;
				CURRENT_PROJECT_VERSION = 1;
				GENERATE_INFOPLIST_FILE = YES;
				MARKETING_VERSION = 1.0.0;
				PRODUCT_BUNDLE_IDENTIFIER = com.fabiodelrio.XDRPeakTests;
				PRODUCT_NAME = "$(TARGET_NAME)";
				SWIFT_EMIT_LOC_STRINGS = NO;
				SWIFT_VERSION = 5.0;
				TEST_HOST = "$(BUILT_PRODUCTS_DIR)/XDRPeak.app/Contents/MacOS/XDRPeak";
			};
			name = Debug;
		};
		H1000006 /* Release */ = {
			isa = XCBuildConfiguration;
			buildSettings = {
				BUNDLE_LOADER = "$(TEST_HOST)";
				CODE_SIGN_STYLE = Automatic;
				CURRENT_PROJECT_VERSION = 1;
				GENERATE_INFOPLIST_FILE = YES;
				MARKETING_VERSION = 1.0.0;
				PRODUCT_BUNDLE_IDENTIFIER = com.fabiodelrio.XDRPeakTests;
				PRODUCT_NAME = "$(TARGET_NAME)";
				SWIFT_EMIT_LOC_STRINGS = NO;
				SWIFT_VERSION = 5.0;
				TEST_HOST = "$(BUILT_PRODUCTS_DIR)/XDRPeak.app/Contents/MacOS/XDRPeak";
			};
			name = Release;
		};
/* End XCBuildConfiguration section */

/* Begin XCConfigurationList section */
		G1000001 /* Build configuration list for PBXProject "XDRPeak" */ = {
			isa = XCConfigurationList;
			buildConfigurations = (
				H1000001 /* Debug */,
				H1000002 /* Release */,
			);
			defaultConfigurationIsVisible = 0;
			defaultConfigurationName = Release;
		};
		G1000003 /* Build configuration list for PBXNativeTarget "XDRPeak" */ = {
			isa = XCConfigurationList;
			buildConfigurations = (
				H1000003 /* Debug */,
				H1000004 /* Release */,
			);
			defaultConfigurationIsVisible = 0;
			defaultConfigurationName = Release;
		};
		G1000004 /* Build configuration list for PBXNativeTarget "XDRPeakTests" */ = {
			isa = XCConfigurationList;
			buildConfigurations = (
				H1000005 /* Debug */,
				H1000006 /* Release */,
			);
			defaultConfigurationIsVisible = 0;
			defaultConfigurationName = Release;
		};
/* End XCConfigurationList section */

	};
	rootObject = F1000002 /* Project object */;
}
